
Microsoft Visual Studio Solution File, Format Version 12.00
# Visual Studio Version 17
VisualStudioVersion = 17.9.34701.34
MinimumVisualStudioVersion = 10.0.40219.1
Project("{FAE04EC0-301F-11D3-BF4B-00C04F79EFBC}") = "BackEndProject", "BackEndProject\BackEndProject.csproj", "{57BF73B0-7A75-4FF7-9459-26D4A8484B4D}"
EndProject
Global
	GlobalSection(SolutionConfigurationPlatforms) = preSolution
		Debug|Any CPU = Debug|Any CPU
		Release|Any CPU = Release|Any CPU
	EndGlobalSection
	GlobalSection(ProjectConfigurationPlatforms) = postSolution
		{57BF73B0-7A75-4FF7-9459-26D4A8484B4D}.Debug|Any CPU.ActiveCfg = Debug|Any CPU
		{57BF73B0-7A75-4FF7-9459-26D4A8484B4D}.Debug|Any CPU.Build.0 = Debug|Any CPU
		{57BF73B0-7A75-4FF7-9459-26D4A8484B4D}.Release|Any CPU.ActiveCfg = Release|Any CPU
		{57BF73B0-7A75-4FF7-9459-26D4A8484B4D}.Release|Any CPU.Build.0 = Release|Any CPU
	EndGlobalSection
	GlobalSection(SolutionProperties) = preSolution
		HideSolutionNode = FALSE
	EndGlobalSection
	GlobalSection(ExtensibilityGlobals) = postSolution
		SolutionGuid = {A6AFAF6C-20B0-4D9F-9576-CEB8B4A88514}
	EndGlobalSection
EndGlobal
